{
  "nodes": {
    "agenix": {
      "inputs": {
        "nixpkgs": [
          "nixpkgs"
        ]
      },
      "locked": {
        "lastModified": 1665870395,
        "narHash": "sha256-Tsbqb27LDNxOoPLh0gw2hIb6L/6Ow/6lIBvqcHzEKBI=",
        "owner": "ryantm",
        "repo": "agenix",
        "rev": "a630400067c6d03c9b3e0455347dc8559db14288",
        "type": "github"
      },
      "original": {
        "owner": "ryantm",
        "repo": "agenix",
        "type": "github"
      }
    },
    "agorabot-prod": {
      "inputs": {
        "flake-compat": "flake-compat",
        "flake-utils": "flake-utils",
        "nixpkgs": [
          "nixpkgs"
        ]
      },
      "locked": {
        "lastModified": 1670184175,
        "narHash": "sha256-kXFT+pHlwvLSCcVze9g/IQR2kn3UBd6IiXZf6yZayms=",
        "owner": "randomnetcat",
        "repo": "AgoraBot",
        "rev": "dff91ffb95c3ad495ad9a31bdfc901964e04af32",
        "type": "github"
      },
      "original": {
        "owner": "randomnetcat",
        "ref": "main",
        "repo": "AgoraBot",
        "type": "github"
      }
    },
    "flake-compat": {
      "flake": false,
      "locked": {
        "lastModified": 1650374568,
        "narHash": "sha256-Z+s0J8/r907g149rllvwhb4pKi8Wam5ij0st8PwAh+E=",
        "owner": "edolstra",
        "repo": "flake-compat",
        "rev": "b4a34015c698c7793d592d66adbab377907a2be8",
        "type": "github"
      },
      "original": {
        "owner": "edolstra",
        "repo": "flake-compat",
        "type": "github"
      }
    },
    "flake-utils": {
      "locked": {
        "lastModified": 1652557277,
        "narHash": "sha256-jSes9DaIVMdmwBB78KkFUVrlDzawmD62vrUg0GS2500=",
        "owner": "numtide",
        "repo": "flake-utils",
        "rev": "12806d31a381e7cd169a6bac35590e7b36dc5fe5",
        "type": "github"
      },
      "original": {
        "owner": "numtide",
        "repo": "flake-utils",
        "type": "github"
      }
    },
    "flake-utils_2": {
      "locked": {
        "lastModified": 1667395993,
        "narHash": "sha256-nuEHfE/LcWyuSWnS8t12N1wc105Qtau+/OdUAjtQ0rA=",
        "owner": "numtide",
        "repo": "flake-utils",
        "rev": "5aed5285a952e0b949eb3ba02c12fa4fcfef535f",
        "type": "github"
      },
      "original": {
        "owner": "numtide",
        "repo": "flake-utils",
        "type": "github"
      }
    },
    "flake-utils_3": {
      "locked": {
        "lastModified": 1642700792,
        "narHash": "sha256-XqHrk7hFb+zBvRg6Ghl+AZDq03ov6OshJLiSWOoX5es=",
        "owner": "numtide",
        "repo": "flake-utils",
        "rev": "846b2ae0fc4cc943637d3d1def4454213e203cba",
        "type": "github"
      },
      "original": {
        "owner": "numtide",
        "repo": "flake-utils",
        "type": "github"
      }
    },
    "home-manager": {
      "inputs": {
        "nixpkgs": [
          "nixpkgs"
        ],
        "utils": "utils"
      },
      "locked": {
        "lastModified": 1671966569,
        "narHash": "sha256-jbLgfSnmLchARBNFRvCic63CFQ9LAyvlXnBpc2kwjQc=",
        "owner": "nix-community",
        "repo": "home-manager",
        "rev": "c55fa26ce05fee8e063db22918d05a73d430b2ea",
        "type": "github"
      },
      "original": {
        "owner": "nix-community",
        "repo": "home-manager",
        "type": "github"
      }
    },
    "mach-nix": {
      "inputs": {
        "flake-utils": "flake-utils_3",
        "nixpkgs": "nixpkgs_2",
        "pypi-deps-db": "pypi-deps-db"
      },
      "locked": {
        "lastModified": 1667918925,
        "narHash": "sha256-jCZ4iI4UCOC+T5SEgoCbUzqaeMo5WT3DcFwqwvn2fEs=",
        "owner": "DavHau",
        "repo": "mach-nix",
        "rev": "913e6c16f986746ba5507878ef7ff992804d1fa8",
        "type": "github"
      },
      "original": {
        "owner": "DavHau",
        "repo": "mach-nix",
        "type": "github"
      }
    },
    "nixpkgs": {
      "locked": {
        "lastModified": 1671983799,
        "narHash": "sha256-Z2Ro6hFPZHkBqkVXY5/aBUzxi5xizQGvuHQ9+T5B/ks=",
        "owner": "nixos",
        "repo": "nixpkgs",
        "rev": "fad51abd42ca17a60fc1d4cb9382e2d79ae31836",
        "type": "github"
      },
      "original": {
        "owner": "nixos",
        "ref": "nixos-unstable",
        "repo": "nixpkgs",
        "type": "github"
      }
    },
    "nixpkgsSmall": {
      "locked": {
        "lastModified": 1672175656,
        "narHash": "sha256-tl2ifQ34SP6Fmn3Y2C7Aar7/d2rWnrTbTXGHecRCWDo=",
        "owner": "nixos",
        "repo": "nixpkgs",
        "rev": "d5f5ec1628691ba4fbc85b8fca650cac19ea8003",
        "type": "github"
      },
      "original": {
        "owner": "nixos",
        "ref": "nixos-unstable-small",
        "repo": "nixpkgs",
        "type": "github"
      }
    },
    "nixpkgs_2": {
      "locked": {
        "lastModified": 1643805626,
        "narHash": "sha256-AXLDVMG+UaAGsGSpOtQHPIKB+IZ0KSd9WS77aanGzgc=",
        "owner": "NixOS",
        "repo": "nixpkgs",
        "rev": "554d2d8aa25b6e583575459c297ec23750adb6cb",
        "type": "github"
      },
      "original": {
        "id": "nixpkgs",
        "ref": "nixos-unstable",
        "type": "indirect"
      }
    },
    "nur": {
      "locked": {
        "lastModified": 1672202773,
        "narHash": "sha256-S/AoF4lM7p5NR6p5EOdzQjcnj5bQC6SYsnMjbrkspKM=",
        "owner": "nix-community",
        "repo": "nur",
        "rev": "db78e77d8a1412a8f65ef29ba56f6bfc7adcc14a",
        "type": "github"
      },
      "original": {
        "owner": "nix-community",
        "repo": "nur",
        "type": "github"
      }
    },
    "pypi-deps-db": {
      "flake": false,
      "locked": {
        "lastModified": 1661155889,
        "narHash": "sha256-t00mBTZhmZBT4jteO6pJbU0wyRS6/ep4pKmQNeztEms=",
        "owner": "DavHau",
        "repo": "pypi-deps-db",
        "rev": "49c620f3de2b557c9d5c44f58a00fee59f27d1b0",
        "type": "github"
      },
      "original": {
        "owner": "DavHau",
        "repo": "pypi-deps-db",
        "type": "github"
      }
    },
    "root": {
      "inputs": {
        "agenix": "agenix",
        "agorabot-prod": "agorabot-prod",
        "home-manager": "home-manager",
        "nixpkgs": "nixpkgs",
        "nixpkgsSmall": "nixpkgsSmall",
        "nur": "nur",
        "wikiteam3-nix": "wikiteam3-nix"
      }
    },
    "utils": {
      "locked": {
        "lastModified": 1667395993,
        "narHash": "sha256-nuEHfE/LcWyuSWnS8t12N1wc105Qtau+/OdUAjtQ0rA=",
        "owner": "numtide",
        "repo": "flake-utils",
        "rev": "5aed5285a952e0b949eb3ba02c12fa4fcfef535f",
        "type": "github"
      },
      "original": {
        "owner": "numtide",
        "repo": "flake-utils",
        "type": "github"
      }
    },
    "wikiteam3": {
      "flake": false,
      "locked": {
        "lastModified": 1670693055,
        "narHash": "sha256-T7/bYgpHkP9FNY4e2dcdfQ+XSs5ls2/ha6PpnkxBIA4=",
        "owner": "elsiehupp",
        "repo": "wikiteam3",
        "rev": "b0bf0f34b893c3a879551f4b1b6e758613de08f9",
        "type": "github"
      },
      "original": {
        "owner": "elsiehupp",
        "repo": "wikiteam3",
        "type": "github"
      }
    },
    "wikiteam3-nix": {
      "inputs": {
        "flake-utils": "flake-utils_2",
        "mach-nix": "mach-nix",
        "nixpkgs": [
          "nixpkgs"
        ],
        "wikiteam3": "wikiteam3"
      },
      "locked": {
        "dir": "wikiteam3",
        "lastModified": 1671346746,
        "narHash": "sha256-XgQEA/zrHLElSzWzvDxmLm8vdd2VfBJXFe2LeFWgJuQ=",
        "owner": "randomnetcat",
        "repo": "nix-wrappers",
        "rev": "471091d18cd619a8a9a3b542817c98a3f7106bcf",
        "type": "github"
      },
      "original": {
        "dir": "wikiteam3",
        "owner": "randomnetcat",
        "repo": "nix-wrappers",
        "type": "github"
      }
    }
  },
  "root": "root",
  "version": 7
}
