{
  "nodes": {
    "agenix": {
      "inputs": {
        "nixpkgs": [
          "nixpkgs"
        ]
      },
      "locked": {
        "lastModified": 1665870395,
        "narHash": "sha256-Tsbqb27LDNxOoPLh0gw2hIb6L/6Ow/6lIBvqcHzEKBI=",
        "owner": "ryantm",
        "repo": "agenix",
        "rev": "a630400067c6d03c9b3e0455347dc8559db14288",
        "type": "github"
      },
      "original": {
        "owner": "ryantm",
        "repo": "agenix",
        "type": "github"
      }
    },
    "agorabot-prod": {
      "inputs": {
        "flake-compat": "flake-compat",
        "flake-utils": "flake-utils",
        "nixpkgs": [
          "nixpkgs"
        ]
      },
      "locked": {
        "lastModified": 1667692165,
        "narHash": "sha256-vJPvpzMuHrzhJyQL0iQ3BYQ+ro1Idw80/nMNFebbzfY=",
        "owner": "randomnetcat",
        "repo": "AgoraBot",
        "rev": "6af55ca48bbfd1019b49ff533bb8437f22a62889",
        "type": "github"
      },
      "original": {
        "owner": "randomnetcat",
        "ref": "main",
        "repo": "AgoraBot",
        "type": "github"
      }
    },
    "flake-compat": {
      "flake": false,
      "locked": {
        "lastModified": 1650374568,
        "narHash": "sha256-Z+s0J8/r907g149rllvwhb4pKi8Wam5ij0st8PwAh+E=",
        "owner": "edolstra",
        "repo": "flake-compat",
        "rev": "b4a34015c698c7793d592d66adbab377907a2be8",
        "type": "github"
      },
      "original": {
        "owner": "edolstra",
        "repo": "flake-compat",
        "type": "github"
      }
    },
    "flake-utils": {
      "locked": {
        "lastModified": 1652557277,
        "narHash": "sha256-jSes9DaIVMdmwBB78KkFUVrlDzawmD62vrUg0GS2500=",
        "owner": "numtide",
        "repo": "flake-utils",
        "rev": "12806d31a381e7cd169a6bac35590e7b36dc5fe5",
        "type": "github"
      },
      "original": {
        "owner": "numtide",
        "repo": "flake-utils",
        "type": "github"
      }
    },
    "home-manager": {
      "inputs": {
        "nixpkgs": [
          "nixpkgs"
        ],
        "utils": "utils"
      },
      "locked": {
        "lastModified": 1667691670,
        "narHash": "sha256-9MgKg5LbTRuZ6oonP49go4jcUzkTOhVD3ZnQsi9aWM0=",
        "owner": "nix-community",
        "repo": "home-manager",
        "rev": "c5adf29545b553089ccf9c28b68973ce6f812c1c",
        "type": "github"
      },
      "original": {
        "owner": "nix-community",
        "repo": "home-manager",
        "type": "github"
      }
    },
    "nixpkgs": {
      "locked": {
        "lastModified": 1667629849,
        "narHash": "sha256-P+v+nDOFWicM4wziFK9S/ajF2lc0N2Rg9p6Y35uMoZI=",
        "owner": "nixos",
        "repo": "nixpkgs",
        "rev": "3bacde6273b09a21a8ccfba15586fb165078fb62",
        "type": "github"
      },
      "original": {
        "owner": "nixos",
        "ref": "nixos-unstable",
        "repo": "nixpkgs",
        "type": "github"
      }
    },
    "nixpkgsSmall": {
      "locked": {
        "lastModified": 1667640760,
        "narHash": "sha256-juU17BOGDomdzJEU6f4vjxpI8duN0oBHQrfIlWMlnJs=",
        "owner": "nixos",
        "repo": "nixpkgs",
        "rev": "3f717d630227a70d7e8cc955d4642516b447e836",
        "type": "github"
      },
      "original": {
        "owner": "nixos",
        "ref": "nixos-unstable-small",
        "repo": "nixpkgs",
        "type": "github"
      }
    },
    "nur": {
      "locked": {
        "lastModified": 1667676649,
        "narHash": "sha256-ThD1bXnEto64wU5xP+QeoX/pgNo6/zH+HrLJ7io8Ga4=",
        "owner": "nix-community",
        "repo": "nur",
        "rev": "17c6655977e2894da02006c7696b29f605d55767",
        "type": "github"
      },
      "original": {
        "owner": "nix-community",
        "repo": "nur",
        "type": "github"
      }
    },
    "root": {
      "inputs": {
        "agenix": "agenix",
        "agorabot-prod": "agorabot-prod",
        "home-manager": "home-manager",
        "nixpkgs": "nixpkgs",
        "nixpkgsSmall": "nixpkgsSmall",
        "nur": "nur"
      }
    },
    "utils": {
      "locked": {
        "lastModified": 1667077288,
        "narHash": "sha256-bdC8sFNDpT0HK74u9fUkpbf1MEzVYJ+ka7NXCdgBoaA=",
        "owner": "numtide",
        "repo": "flake-utils",
        "rev": "6ee9ebb6b1ee695d2cacc4faa053a7b9baa76817",
        "type": "github"
      },
      "original": {
        "owner": "numtide",
        "repo": "flake-utils",
        "type": "github"
      }
    }
  },
  "root": "root",
  "version": 7
}
