{
  "nodes": {
    "home-manager": {
      "inputs": {
        "nixpkgs": [
          "nixpkgs"
        ]
      },
      "locked": {
        "lastModified": 1639329010,
        "narHash": "sha256-k9OXwR06419/s0FAnRalUs24+8EI6GepGaatAXhBc+0=",
        "owner": "nix-community",
        "repo": "home-manager",
        "rev": "3d46c011d2cc2c9ca24d9b803e9daf156d9429ea",
        "type": "github"
      },
      "original": {
        "owner": "nix-community",
        "repo": "home-manager",
        "type": "github"
      }
    },
    "nixpkgs": {
      "locked": {
        "lastModified": 1639256808,
        "narHash": "sha256-RRKWi6grwe5lioKUyfZNQ4ojc5kjUTX55fPNzsGH2PY=",
        "owner": "nixos",
        "repo": "nixpkgs",
        "rev": "e675946ecde5606c505540de2024e2732bae4185",
        "type": "github"
      },
      "original": {
        "owner": "nixos",
        "ref": "nixos-unstable",
        "repo": "nixpkgs",
        "type": "github"
      }
    },
    "nur": {
      "locked": {
        "lastModified": 1639361470,
        "narHash": "sha256-BsXXcIJaDsz8+vYC//jzMXrhCKcEYGbZxHLUxoLeNrQ=",
        "owner": "nix-community",
        "repo": "nur",
        "rev": "1fc5fad490ce0d0800f80d435c10482922b61d2e",
        "type": "github"
      },
      "original": {
        "owner": "nix-community",
        "repo": "nur",
        "type": "github"
      }
    },
    "root": {
      "inputs": {
        "home-manager": "home-manager",
        "nixpkgs": "nixpkgs",
        "nur": "nur",
        "working-nixops-nixpkgs": "working-nixops-nixpkgs"
      }
    },
    "working-nixops-nixpkgs": {
      "locked": {
        "lastModified": 1631525292,
        "narHash": "sha256-dbaXjviKfSz0L5/x25O6a/X+rqwtJAhSDTZv2XW+U1w=",
        "owner": "nixos",
        "repo": "nixpkgs",
        "rev": "65b70fbe4c3a942a266794e28a08147b06ebb6bc",
        "type": "github"
      },
      "original": {
        "owner": "nixos",
        "repo": "nixpkgs",
        "rev": "65b70fbe4c3a942a266794e28a08147b06ebb6bc",
        "type": "github"
      }
    }
  },
  "root": "root",
  "version": 7
}
