{
  "nodes": {
    "home-manager": {
      "inputs": {
        "nixpkgs": [
          "nixpkgs"
        ]
      },
      "locked": {
        "lastModified": 1640417317,
        "narHash": "sha256-jT2uMARXs0Xm65ccroFsKyr4LTHSecw+9HAnmBdJO8U=",
        "owner": "nix-community",
        "repo": "home-manager",
        "rev": "48f2b381dd397ec88040d3354ac9c036739ba139",
        "type": "github"
      },
      "original": {
        "owner": "nix-community",
        "repo": "home-manager",
        "type": "github"
      }
    },
    "nixpkgs": {
      "locked": {
        "lastModified": 1640319671,
        "narHash": "sha256-ZkKmakwaOaLiZOpIZWbeJZwap5CzJ30s4UJTfydYIYc=",
        "owner": "nixos",
        "repo": "nixpkgs",
        "rev": "eac07edbd20ed4908b98790ba299250b5527ecdf",
        "type": "github"
      },
      "original": {
        "owner": "nixos",
        "ref": "nixos-unstable",
        "repo": "nixpkgs",
        "type": "github"
      }
    },
    "nur": {
      "locked": {
        "lastModified": 1640487907,
        "narHash": "sha256-fLL4CiwTBavcDqKS3gGBbm9DZh4krqMEv55javnnbAc=",
        "owner": "nix-community",
        "repo": "nur",
        "rev": "f32a2e888389f20f9389123f3acba8bd4cf74140",
        "type": "github"
      },
      "original": {
        "owner": "nix-community",
        "repo": "nur",
        "type": "github"
      }
    },
    "root": {
      "inputs": {
        "home-manager": "home-manager",
        "nixpkgs": "nixpkgs",
        "nur": "nur"
      }
    }
  },
  "root": "root",
  "version": 7
}
