{
  "nodes": {
    "home-manager": {
      "inputs": {
        "nixpkgs": [
          "nixpkgs"
        ]
      },
      "locked": {
        "lastModified": 1641056815,
        "narHash": "sha256-pDIgvUqcPE61DvmaqOlbBGG+o/WfsqbFZN3S9zkpDcM=",
        "owner": "nix-community",
        "repo": "home-manager",
        "rev": "c2f151258a90e33a1512baf196ebfdc1f4eafa98",
        "type": "github"
      },
      "original": {
        "owner": "nix-community",
        "repo": "home-manager",
        "type": "github"
      }
    },
    "nixpkgs": {
      "locked": {
        "lastModified": 1640871638,
        "narHash": "sha256-ty6sGnJUQEkCd43At5U3DRQZD7rPARz5VginSW6hZ3k=",
        "owner": "nixos",
        "repo": "nixpkgs",
        "rev": "5b091d4fbe3b7b7493c3b46fe0842e4b30ea24b3",
        "type": "github"
      },
      "original": {
        "owner": "nixos",
        "ref": "nixos-unstable",
        "repo": "nixpkgs",
        "type": "github"
      }
    },
    "nur": {
      "locked": {
        "lastModified": 1641057367,
        "narHash": "sha256-T9hAlA4UaZD9OFK0GFGkx9HJOiKmC44/U6pa1irpqPk=",
        "owner": "nix-community",
        "repo": "nur",
        "rev": "95b9a2395ea4e82af91c8742384703035e944694",
        "type": "github"
      },
      "original": {
        "owner": "nix-community",
        "repo": "nur",
        "type": "github"
      }
    },
    "root": {
      "inputs": {
        "home-manager": "home-manager",
        "nixpkgs": "nixpkgs",
        "nur": "nur"
      }
    }
  },
  "root": "root",
  "version": 7
}
